
Microsoft Visual Studio Solution File, Format Version 12.00
# Visual Studio Version 16
VisualStudioVersion = 16.0.30523.141
MinimumVisualStudioVersion = 10.0.40219.1
Project("{8BC9CEB8-8B4A-11D0-8D11-00A0C91BC942}") = "lab9.2", "lab9.2\lab9.2.vcxproj", "{5EF540C9-0C57-4BEE-960F-AD3E08E55AA7}"
EndProject
Global
	GlobalSection(SolutionConfigurationPlatforms) = preSolution
		Debug|x64 = Debug|x64
		Debug|x86 = Debug|x86
		Release|x64 = Release|x64
		Release|x86 = Release|x86
	EndGlobalSection
	GlobalSection(ProjectConfigurationPlatforms) = postSolution
		{5EF540C9-0C57-4BEE-960F-AD3E08E55AA7}.Debug|x64.ActiveCfg = Debug|x64
		{5EF540C9-0C57-4BEE-960F-AD3E08E55AA7}.Debug|x64.Build.0 = Debug|x64
		{5EF540C9-0C57-4BEE-960F-AD3E08E55AA7}.Debug|x86.ActiveCfg = Debug|Win32
		{5EF540C9-0C57-4BEE-960F-AD3E08E55AA7}.Debug|x86.Build.0 = Debug|Win32
		{5EF540C9-0C57-4BEE-960F-AD3E08E55AA7}.Release|x64.ActiveCfg = Release|x64
		{5EF540C9-0C57-4BEE-960F-AD3E08E55AA7}.Release|x64.Build.0 = Release|x64
		{5EF540C9-0C57-4BEE-960F-AD3E08E55AA7}.Release|x86.ActiveCfg = Release|Win32
		{5EF540C9-0C57-4BEE-960F-AD3E08E55AA7}.Release|x86.Build.0 = Release|Win32
	EndGlobalSection
	GlobalSection(SolutionProperties) = preSolution
		HideSolutionNode = FALSE
	EndGlobalSection
	GlobalSection(ExtensibilityGlobals) = postSolution
		SolutionGuid = {E7E57140-F9E0-4B7C-8505-CD8E7069A564}
	EndGlobalSection
EndGlobal
